
Microsoft Visual Studio Solution File, Format Version 12.00
# Visual Studio Version 17
VisualStudioVersion = 17.8.34511.84
MinimumVisualStudioVersion = 10.0.40219.1
Project("{9A19103F-16F7-4668-BE54-9A1E7A4F7556}") = "WebApplication3", "WebApplication3.csproj", "{8545B3FD-A08D-4AD3-8BFF-E5D7E91C2930}"
EndProject
Project("{9A19103F-16F7-4668-BE54-9A1E7A4F7556}") = "WebApplication3Test", "..\WebApplication3Test\WebApplication3Test.csproj", "{B102D115-ECCF-4759-84E5-748A135AA90C}"
EndProject
Global
	GlobalSection(SolutionConfigurationPlatforms) = preSolution
		Debug|Any CPU = Debug|Any CPU
		Release|Any CPU = Release|Any CPU
	EndGlobalSection
	GlobalSection(ProjectConfigurationPlatforms) = postSolution
		{8545B3FD-A08D-4AD3-8BFF-E5D7E91C2930}.Debug|Any CPU.ActiveCfg = Debug|Any CPU
		{8545B3FD-A08D-4AD3-8BFF-E5D7E91C2930}.Debug|Any CPU.Build.0 = Debug|Any CPU
		{8545B3FD-A08D-4AD3-8BFF-E5D7E91C2930}.Release|Any CPU.ActiveCfg = Release|Any CPU
		{8545B3FD-A08D-4AD3-8BFF-E5D7E91C2930}.Release|Any CPU.Build.0 = Release|Any CPU
		{B102D115-ECCF-4759-84E5-748A135AA90C}.Debug|Any CPU.ActiveCfg = Debug|Any CPU
		{B102D115-ECCF-4759-84E5-748A135AA90C}.Debug|Any CPU.Build.0 = Debug|Any CPU
		{B102D115-ECCF-4759-84E5-748A135AA90C}.Release|Any CPU.ActiveCfg = Release|Any CPU
		{B102D115-ECCF-4759-84E5-748A135AA90C}.Release|Any CPU.Build.0 = Release|Any CPU
	EndGlobalSection
	GlobalSection(SolutionProperties) = preSolution
		HideSolutionNode = FALSE
	EndGlobalSection
	GlobalSection(ExtensibilityGlobals) = postSolution
		SolutionGuid = {F9AD4AF6-FF72-4BFC-9774-652B069E5DAD}
	EndGlobalSection
EndGlobal
